Microsoft Visual Studio Solution File, Format Version 11.00
# Visual Studio 2008

Project("{6E3A5652-3663-EAE6-DA1D-E598E35A63C9}") = "CSCE361Project-Phase4", "Assembly-CSharp.csproj", "{4958BB20-F34C-3A8A-2A7C-7F5CBA0F85C0}"
EndProject
Global
	GlobalSection(SolutionConfigurationPlatforms) = preSolution
		Debug|Any CPU = Debug|Any CPU
		Release|Any CPU = Release|Any CPU
	EndGlobalSection
	GlobalSection(ProjectConfigurationPlatforms) = postSolution
		{4958BB20-F34C-3A8A-2A7C-7F5CBA0F85C0}.Debug|Any CPU.ActiveCfg = Debug|Any CPU
		{4958BB20-F34C-3A8A-2A7C-7F5CBA0F85C0}.Debug|Any CPU.Build.0 = Debug|Any CPU
		{4958BB20-F34C-3A8A-2A7C-7F5CBA0F85C0}.Release|Any CPU.ActiveCfg = Release|Any CPU
		{4958BB20-F34C-3A8A-2A7C-7F5CBA0F85C0}.Release|Any CPU.Build.0 = Release|Any CPU
	EndGlobalSection
	GlobalSection(SolutionProperties) = preSolution
		HideSolutionNode = FALSE
	EndGlobalSection
											GlobalSection(MonoDevelopProperties) = preSolution
		StartupItem = Assembly-CSharp.csproj
		Policies = $0
		$0.TextStylePolicy = $1
		$1.inheritsSet = null
		$1.scope = text/x-csharp
		$0.CSharpFormattingPolicy = $2
		$2.inheritsSet = Mono
		$2.inheritsScope = text/x-csharp
		$2.scope = text/x-csharp
		$0.TextStylePolicy = $3
		$3.FileWidth = 120
		$3.TabWidth = 4
		$3.EolMarker = Unix
		$3.inheritsSet = Mono
		$3.inheritsScope = text/plain
		$3.scope = text/plain
	EndGlobalSection

EndGlobal
